// !$*UTF8*$!
{
	archiveVersion = 1;
	classes = {
	};
	objectVersion = 50;
	objects = {

/* Begin PBXBuildFile section */
		410900FF23D9D3F700F996EE /* CoreDataStack.swift in Sources */ = {isa = PBXBuildFile; fileRef = 410900FE23D9D3F700F996EE /* CoreDataStack.swift */; };
		410969AD238ABD4700B5AB2C /* DetailViewController.swift in Sources */ = {isa = PBXBuildFile; fileRef = 410969AC238ABD4700B5AB2C /* DetailViewController.swift */; };
		411F36E72384636D0030D3FE /* MapKit.framework in Frameworks */ = {isa = PBXBuildFile; fileRef = 411F36E62384636D0030D3FE /* MapKit.framework */; };
		411F36E923846B7A0030D3FE /* MainTableViewCell.swift in Sources */ = {isa = PBXBuildFile; fileRef = 411F36E823846B7A0030D3FE /* MainTableViewCell.swift */; };
		4180D1512384535A00D15820 /* urls.swift in Sources */ = {isa = PBXBuildFile; fileRef = 4180D1502384535A00D15820 /* urls.swift */; };
		4180D1532384559300D15820 /* URLSession+extensionn.swift in Sources */ = {isa = PBXBuildFile; fileRef = 4180D1522384559300D15820 /* URLSession+extensionn.swift */; };
		41AD815123927D0A007009AE /* Ashton campus walk.gpx in Resources */ = {isa = PBXBuildFile; fileRef = 41AD815023927D0A007009AE /* Ashton campus walk.gpx */; };
		41AD815423928754007009AE /* CoffeeShopsEntity+CoreDataClass.swift in Sources */ = {isa = PBXBuildFile; fileRef = 41AD815223928754007009AE /* CoffeeShopsEntity+CoreDataClass.swift */; };
		41AD815523928754007009AE /* CoffeeShopsEntity+CoreDataProperties.swift in Sources */ = {isa = PBXBuildFile; fileRef = 41AD815323928754007009AE /* CoffeeShopsEntity+CoreDataProperties.swift */; };
		41AE218C23844C2400A8B8A8 /* AppDelegate.swift in Sources */ = {isa = PBXBuildFile; fileRef = 41AE218B23844C2400A8B8A8 /* AppDelegate.swift */; };
		41AE218E23844C2400A8B8A8 /* SceneDelegate.swift in Sources */ = {isa = PBXBuildFile; fileRef = 41AE218D23844C2400A8B8A8 /* SceneDelegate.swift */; };
		41AE219023844C2400A8B8A8 /* MainViewController.swift in Sources */ = {isa = PBXBuildFile; fileRef = 41AE218F23844C2400A8B8A8 /* MainViewController.swift */; };
		41AE219323844C2400A8B8A8 /* Main.storyboard in Resources */ = {isa = PBXBuildFile; fileRef = 41AE219123844C2400A8B8A8 /* Main.storyboard */; };
		41AE219623844C2400A8B8A8 /* CoffeeShops.xcdatamodeld in Sources */ = {isa = PBXBuildFile; fileRef = 41AE219423844C2400A8B8A8 /* CoffeeShops.xcdatamodeld */; };
		41AE219823844C2D00A8B8A8 /* Assets.xcassets in Resources */ = {isa = PBXBuildFile; fileRef = 41AE219723844C2D00A8B8A8 /* Assets.xcassets */; };
		41AE219B23844C2D00A8B8A8 /* LaunchScreen.storyboard in Resources */ = {isa = PBXBuildFile; fileRef = 41AE219923844C2D00A8B8A8 /* LaunchScreen.storyboard */; };
		41B3591B2389A6FE00ED6769 /* MyAnnotation.swift in Sources */ = {isa = PBXBuildFile; fileRef = 41B3591A2389A6FE00ED6769 /* MyAnnotation.swift */; };
		41D2401D23844E9200974DFA /* coffeeShop.swift in Sources */ = {isa = PBXBuildFile; fileRef = 41D2401C23844E9200974DFA /* coffeeShop.swift */; };
/* End PBXBuildFile section */

/* Begin PBXFileReference section */
		410900FE23D9D3F700F996EE /* CoreDataStack.swift */ = {isa = PBXFileReference; lastKnownFileType = sourcecode.swift; path = CoreDataStack.swift; sourceTree = "<group>"; };
		410969AC238ABD4700B5AB2C /* DetailViewController.swift */ = {isa = PBXFileReference; lastKnownFileType = sourcecode.swift; path = DetailViewController.swift; sourceTree = "<group>"; };
		411F36E62384636D0030D3FE /* MapKit.framework */ = {isa = PBXFileReference; lastKnownFileType = wrapper.framework; name = MapKit.framework; path = System/Library/Frameworks/MapKit.framework; sourceTree = SDKROOT; };
		411F36E823846B7A0030D3FE /* MainTableViewCell.swift */ = {isa = PBXFileReference; lastKnownFileType = sourcecode.swift; path = MainTableViewCell.swift; sourceTree = "<group>"; };
		4180D1502384535A00D15820 /* urls.swift */ = {isa = PBXFileReference; lastKnownFileType = sourcecode.swift; path = urls.swift; sourceTree = "<group>"; };
		4180D1522384559300D15820 /* URLSession+extensionn.swift */ = {isa = PBXFileReference; lastKnownFileType = sourcecode.swift; path = "URLSession+extensionn.swift"; sourceTree = "<group>"; };
		41AD815023927D0A007009AE /* Ashton campus walk.gpx */ = {isa = PBXFileReference; fileEncoding = 4; lastKnownFileType = text.xml; path = "Ashton campus walk.gpx"; sourceTree = "<group>"; };
		41AD815223928754007009AE /* CoffeeShopsEntity+CoreDataClass.swift */ = {isa = PBXFileReference; lastKnownFileType = sourcecode.swift; path = "CoffeeShopsEntity+CoreDataClass.swift"; sourceTree = "<group>"; };
		41AD815323928754007009AE /* CoffeeShopsEntity+CoreDataProperties.swift */ = {isa = PBXFileReference; lastKnownFileType = sourcecode.swift; path = "CoffeeShopsEntity+CoreDataProperties.swift"; sourceTree = "<group>"; };
		41AE218823844C2400A8B8A8 /* CoffeeShops.app */ = {isa = PBXFileReference; explicitFileType = wrapper.application; includeInIndex = 0; path = CoffeeShops.app; sourceTree = BUILT_PRODUCTS_DIR; };
		41AE218B23844C2400A8B8A8 /* AppDelegate.swift */ = {isa = PBXFileReference; lastKnownFileType = sourcecode.swift; path = AppDelegate.swift; sourceTree = "<group>"; };
		41AE218D23844C2400A8B8A8 /* SceneDelegate.swift */ = {isa = PBXFileReference; lastKnownFileType = sourcecode.swift; path = SceneDelegate.swift; sourceTree = "<group>"; };
		41AE218F23844C2400A8B8A8 /* MainViewController.swift */ = {isa = PBXFileReference; lastKnownFileType = sourcecode.swift; path = MainViewController.swift; sourceTree = "<group>"; };
		41AE219223844C2400A8B8A8 /* Base */ = {isa = PBXFileReference; lastKnownFileType = file.storyboard; name = Base; path = Base.lproj/Main.storyboard; sourceTree = "<group>"; };
		41AE219523844C2400A8B8A8 /* CoffeeShops.xcdatamodel */ = {isa = PBXFileReference; lastKnownFileType = wrapper.xcdatamodel; path = CoffeeShops.xcdatamodel; sourceTree = "<group>"; };
		41AE219723844C2D00A8B8A8 /* Assets.xcassets */ = {isa = PBXFileReference; lastKnownFileType = folder.assetcatalog; path = Assets.xcassets; sourceTree = "<group>"; };
		41AE219A23844C2D00A8B8A8 /* Base */ = {isa = PBXFileReference; lastKnownFileType = file.storyboard; name = Base; path = Base.lproj/LaunchScreen.storyboard; sourceTree = "<group>"; };
		41AE219C23844C2D00A8B8A8 /* Info.plist */ = {isa = PBXFileReference; lastKnownFileType = text.plist.xml; path = Info.plist; sourceTree = "<group>"; };
		41B3591A2389A6FE00ED6769 /* MyAnnotation.swift */ = {isa = PBXFileReference; lastKnownFileType = sourcecode.swift; path = MyAnnotation.swift; sourceTree = "<group>"; };
		41D2401C23844E9200974DFA /* coffeeShop.swift */ = {isa = PBXFileReference; lastKnownFileType = sourcecode.swift; path = coffeeShop.swift; sourceTree = "<group>"; };
/* End PBXFileReference section */

/* Begin PBXFrameworksBuildPhase section */
		41AE218523844C2400A8B8A8 /* Frameworks */ = {
			isa = PBXFrameworksBuildPhase;
			buildActionMask = 2147483647;
			files = (
				411F36E72384636D0030D3FE /* MapKit.framework in Frameworks */,
			);
			runOnlyForDeploymentPostprocessing = 0;
		};
/* End PBXFrameworksBuildPhase section */

/* Begin PBXGroup section */
		411F36E52384636D0030D3FE /* Frameworks */ = {
			isa = PBXGroup;
			children = (
				411F36E62384636D0030D3FE /* MapKit.framework */,
			);
			name = Frameworks;
			sourceTree = "<group>";
		};
		4180D1542384560F00D15820 /* extension */ = {
			isa = PBXGroup;
			children = (
				4180D1522384559300D15820 /* URLSession+extensionn.swift */,
			);
			path = extension;
			sourceTree = "<group>";
		};
		41AE217F23844C2400A8B8A8 = {
			isa = PBXGroup;
			children = (
				41AD815023927D0A007009AE /* Ashton campus walk.gpx */,
				41AE218A23844C2400A8B8A8 /* CoffeeShops */,
				41AE218923844C2400A8B8A8 /* Products */,
				411F36E52384636D0030D3FE /* Frameworks */,
			);
			sourceTree = "<group>";
		};
		41AE218923844C2400A8B8A8 /* Products */ = {
			isa = PBXGroup;
			children = (
				41AE218823844C2400A8B8A8 /* CoffeeShops.app */,
			);
			name = Products;
			sourceTree = "<group>";
		};
		41AE218A23844C2400A8B8A8 /* CoffeeShops */ = {
			isa = PBXGroup;
			children = (
				41AE218B23844C2400A8B8A8 /* AppDelegate.swift */,
				41AE218D23844C2400A8B8A8 /* SceneDelegate.swift */,
				4180D1542384560F00D15820 /* extension */,
				41D2401B23844CE700974DFA /* cache */,
				41D2401A23844CCB00974DFA /* assets */,
				41D2401923844CC500974DFA /* views */,
				41D2401823844CB800974DFA /* models */,
				41AE219923844C2D00A8B8A8 /* LaunchScreen.storyboard */,
				41AE219C23844C2D00A8B8A8 /* Info.plist */,
			);
			path = CoffeeShops;
			sourceTree = "<group>";
		};
		41D2401823844CB800974DFA /* models */ = {
			isa = PBXGroup;
			children = (
				4180D1502384535A00D15820 /* urls.swift */,
				41B3591A2389A6FE00ED6769 /* MyAnnotation.swift */,
				41D2401C23844E9200974DFA /* coffeeShop.swift */,
			);
			path = models;
			sourceTree = "<group>";
		};
		41D2401923844CC500974DFA /* views */ = {
			isa = PBXGroup;
			children = (
				41AE218F23844C2400A8B8A8 /* MainViewController.swift */,
				410969AC238ABD4700B5AB2C /* DetailViewController.swift */,
				411F36E823846B7A0030D3FE /* MainTableViewCell.swift */,
				41AE219123844C2400A8B8A8 /* Main.storyboard */,
			);
			path = views;
			sourceTree = "<group>";
		};
		41D2401A23844CCB00974DFA /* assets */ = {
			isa = PBXGroup;
			children = (
				41AE219723844C2D00A8B8A8 /* Assets.xcassets */,
			);
			path = assets;
			sourceTree = "<group>";
		};
		41D2401B23844CE700974DFA /* cache */ = {
			isa = PBXGroup;
			children = (
				410900FE23D9D3F700F996EE /* CoreDataStack.swift */,
				41AD815223928754007009AE /* CoffeeShopsEntity+CoreDataClass.swift */,
				41AD815323928754007009AE /* CoffeeShopsEntity+CoreDataProperties.swift */,
				41AE219423844C2400A8B8A8 /* CoffeeShops.xcdatamodeld */,
			);
			path = cache;
			sourceTree = "<group>";
		};
/* End PBXGroup section */

/* Begin PBXNativeTarget section */
		41AE218723844C2400A8B8A8 /* CoffeeShops */ = {
			isa = PBXNativeTarget;
			buildConfigurationList = 41AE219F23844C2D00A8B8A8 /* Build configuration list for PBXNativeTarget "CoffeeShops" */;
			buildPhases = (
				41AE218423844C2400A8B8A8 /* Sources */,
				41AE218523844C2400A8B8A8 /* Frameworks */,
				41AE218623844C2400A8B8A8 /* Resources */,
			);
			buildRules = (
			);
			dependencies = (
			);
			name = CoffeeShops;
			productName = CoffeeShops;
			productReference = 41AE218823844C2400A8B8A8 /* CoffeeShops.app */;
			productType = "com.apple.product-type.application";
		};
/* End PBXNativeTarget section */

/* Begin PBXProject section */
		41AE218023844C2400A8B8A8 /* Project object */ = {
			isa = PBXProject;
			attributes = {
				LastSwiftUpdateCheck = 1120;
				LastUpgradeCheck = 1120;
				ORGANIZATIONNAME = "Ali Abod";
				TargetAttributes = {
					41AE218723844C2400A8B8A8 = {
						CreatedOnToolsVersion = 11.2.1;
					};
				};
			};
			buildConfigurationList = 41AE218323844C2400A8B8A8 /* Build configuration list for PBXProject "CoffeeShops" */;
			compatibilityVersion = "Xcode 9.3";
			developmentRegion = en;
			hasScannedForEncodings = 0;
			knownRegions = (
				en,
				Base,
			);
			mainGroup = 41AE217F23844C2400A8B8A8;
			productRefGroup = 41AE218923844C2400A8B8A8 /* Products */;
			projectDirPath = "";
			projectRoot = "";
			targets = (
				41AE218723844C2400A8B8A8 /* CoffeeShops */,
			);
		};
/* End PBXProject section */

/* Begin PBXResourcesBuildPhase section */
		41AE218623844C2400A8B8A8 /* Resources */ = {
			isa = PBXResourcesBuildPhase;
			buildActionMask = 2147483647;
			files = (
				41AD815123927D0A007009AE /* Ashton campus walk.gpx in Resources */,
				41AE219B23844C2D00A8B8A8 /* LaunchScreen.storyboard in Resources */,
				41AE219823844C2D00A8B8A8 /* Assets.xcassets in Resources */,
				41AE219323844C2400A8B8A8 /* Main.storyboard in Resources */,
			);
			runOnlyForDeploymentPostprocessing = 0;
		};
/* End PBXResourcesBuildPhase section */

/* Begin PBXSourcesBuildPhase section */
		41AE218423844C2400A8B8A8 /* Sources */ = {
			isa = PBXSourcesBuildPhase;
			buildActionMask = 2147483647;
			files = (
				410969AD238ABD4700B5AB2C /* DetailViewController.swift in Sources */,
				41AD815423928754007009AE /* CoffeeShopsEntity+CoreDataClass.swift in Sources */,
				411F36E923846B7A0030D3FE /* MainTableViewCell.swift in Sources */,
				41B3591B2389A6FE00ED6769 /* MyAnnotation.swift in Sources */,
				4180D1532384559300D15820 /* URLSession+extensionn.swift in Sources */,
				41D2401D23844E9200974DFA /* coffeeShop.swift in Sources */,
				410900FF23D9D3F700F996EE /* CoreDataStack.swift in Sources */,
				41AE219023844C2400A8B8A8 /* MainViewController.swift in Sources */,
				41AD815523928754007009AE /* CoffeeShopsEntity+CoreDataProperties.swift in Sources */,
				4180D1512384535A00D15820 /* urls.swift in Sources */,
				41AE219623844C2400A8B8A8 /* CoffeeShops.xcdatamodeld in Sources */,
				41AE218C23844C2400A8B8A8 /* AppDelegate.swift in Sources */,
				41AE218E23844C2400A8B8A8 /* SceneDelegate.swift in Sources */,
			);
			runOnlyForDeploymentPostprocessing = 0;
		};
/* End PBXSourcesBuildPhase section */

/* Begin PBXVariantGroup section */
		41AE219123844C2400A8B8A8 /* Main.storyboard */ = {
			isa = PBXVariantGroup;
			children = (
				41AE219223844C2400A8B8A8 /* Base */,
			);
			name = Main.storyboard;
			sourceTree = "<group>";
		};
		41AE219923844C2D00A8B8A8 /* LaunchScreen.storyboard */ = {
			isa = PBXVariantGroup;
			children = (
				41AE219A23844C2D00A8B8A8 /* Base */,
			);
			name = LaunchScreen.storyboard;
			sourceTree = "<group>";
		};
/* End PBXVariantGroup section */

/* Begin XCBuildConfiguration section */
		41AE219D23844C2D00A8B8A8 /* Debug */ = {
			isa = XCBuildConfiguration;
			buildSettings = {
				ALWAYS_SEARCH_USER_PATHS = NO;
				CLANG_ANALYZER_NONNULL = YES;
				CLANG_ANALYZER_NUMBER_OBJECT_CONVERSION = YES_AGGRESSIVE;
				CLANG_CXX_LANGUAGE_STANDARD = "gnu++14";
				CLANG_CXX_LIBRARY = "libc++";
				CLANG_ENABLE_MODULES = YES;
				CLANG_ENABLE_OBJC_ARC = YES;
				CLANG_ENABLE_OBJC_WEAK = YES;
				CLANG_WARN_BLOCK_CAPTURE_AUTORELEASING = YES;
				CLANG_WARN_BOOL_CONVERSION = YES;
				CLANG_WARN_COMMA = YES;
				CLANG_WARN_CONSTANT_CONVERSION = YES;
				CLANG_WARN_DEPRECATED_OBJC_IMPLEMENTATIONS = YES;
				CLANG_WARN_DIRECT_OBJC_ISA_USAGE = YES_ERROR;
				CLANG_WARN_DOCUMENTATION_COMMENTS = YES;
				CLANG_WARN_EMPTY_BODY = YES;
				CLANG_WARN_ENUM_CONVERSION = YES;
				CLANG_WARN_INFINITE_RECURSION = YES;
				CLANG_WARN_INT_CONVERSION = YES;
				CLANG_WARN_NON_LITERAL_NULL_CONVERSION = YES;
				CLANG_WARN_OBJC_IMPLICIT_RETAIN_SELF = YES;
				CLANG_WARN_OBJC_LITERAL_CONVERSION = YES;
				CLANG_WARN_OBJC_ROOT_CLASS = YES_ERROR;
				CLANG_WARN_RANGE_LOOP_ANALYSIS = YES;
				CLANG_WARN_STRICT_PROTOTYPES = YES;
				CLANG_WARN_SUSPICIOUS_MOVE = YES;
				CLANG_WARN_UNGUARDED_AVAILABILITY = YES_AGGRESSIVE;
				CLANG_WARN_UNREACHABLE_CODE = YES;
				CLANG_WARN__DUPLICATE_METHOD_MATCH = YES;
				COPY_PHASE_STRIP = NO;
				DEBUG_INFORMATION_FORMAT = dwarf;
				ENABLE_STRICT_OBJC_MSGSEND = YES;
				ENABLE_TESTABILITY = YES;
				GCC_C_LANGUAGE_STANDARD = gnu11;
				GCC_DYNAMIC_NO_PIC = NO;
				GCC_NO_COMMON_BLOCKS = YES;
				GCC_OPTIMIZATION_LEVEL = 0;
				GCC_PREPROCESSOR_DEFINITIONS = (
					"DEBUG=1",
					"$(inherited)",
				);
				GCC_WARN_64_TO_32_BIT_CONVERSION = YES;
				GCC_WARN_ABOUT_RETURN_TYPE = YES_ERROR;
				GCC_WARN_UNDECLARED_SELECTOR = YES;
				GCC_WARN_UNINITIALIZED_AUTOS = YES_AGGRESSIVE;
				GCC_WARN_UNUSED_FUNCTION = YES;
				GCC_WARN_UNUSED_VARIABLE = YES;
				IPHONEOS_DEPLOYMENT_TARGET = 13.2;
				MTL_ENABLE_DEBUG_INFO = INCLUDE_SOURCE;
				MTL_FAST_MATH = YES;
				ONLY_ACTIVE_ARCH = YES;
				SDKROOT = iphoneos;
				SWIFT_ACTIVE_COMPILATION_CONDITIONS = DEBUG;
				SWIFT_OPTIMIZATION_LEVEL = "-Onone";
			};
			name = Debug;
		};
		41AE219E23844C2D00A8B8A8 /* Release */ = {
			isa = XCBuildConfiguration;
			buildSettings = {
				ALWAYS_SEARCH_USER_PATHS = NO;
				CLANG_ANALYZER_NONNULL = YES;
				CLANG_ANALYZER_NUMBER_OBJECT_CONVERSION = YES_AGGRESSIVE;
				CLANG_CXX_LANGUAGE_STANDARD = "gnu++14";
				CLANG_CXX_LIBRARY = "libc++";
				CLANG_ENABLE_MODULES = YES;
				CLANG_ENABLE_OBJC_ARC = YES;
				CLANG_ENABLE_OBJC_WEAK = YES;
				CLANG_WARN_BLOCK_CAPTURE_AUTORELEASING = YES;
				CLANG_WARN_BOOL_CONVERSION = YES;
				CLANG_WARN_COMMA = YES;
				CLANG_WARN_CONSTANT_CONVERSION = YES;
				CLANG_WARN_DEPRECATED_OBJC_IMPLEMENTATIONS = YES;
				CLANG_WARN_DIRECT_OBJC_ISA_USAGE = YES_ERROR;
				CLANG_WARN_DOCUMENTATION_COMMENTS = YES;
				CLANG_WARN_EMPTY_BODY = YES;
				CLANG_WARN_ENUM_CONVERSION = YES;
				CLANG_WARN_INFINITE_RECURSION = YES;
				CLANG_WARN_INT_CONVERSION = YES;
				CLANG_WARN_NON_LITERAL_NULL_CONVERSION = YES;
				CLANG_WARN_OBJC_IMPLICIT_RETAIN_SELF = YES;
				CLANG_WARN_OBJC_LITERAL_CONVERSION = YES;
				CLANG_WARN_OBJC_ROOT_CLASS = YES_ERROR;
				CLANG_WARN_RANGE_LOOP_ANALYSIS = YES;
				CLANG_WARN_STRICT_PROTOTYPES = YES;
				CLANG_WARN_SUSPICIOUS_MOVE = YES;
				CLANG_WARN_UNGUARDED_AVAILABILITY = YES_AGGRESSIVE;
				CLANG_WARN_UNREACHABLE_CODE = YES;
				CLANG_WARN__DUPLICATE_METHOD_MATCH = YES;
				COPY_PHASE_STRIP = NO;
				DEBUG_INFORMATION_FORMAT = "dwarf-with-dsym";
				ENABLE_NS_ASSERTIONS = NO;
				ENABLE_STRICT_OBJC_MSGSEND = YES;
				GCC_C_LANGUAGE_STANDARD = gnu11;
				GCC_NO_COMMON_BLOCKS = YES;
				GCC_WARN_64_TO_32_BIT_CONVERSION = YES;
				GCC_WARN_ABOUT_RETURN_TYPE = YES_ERROR;
				GCC_WARN_UNDECLARED_SELECTOR = YES;
				GCC_WARN_UNINITIALIZED_AUTOS = YES_AGGRESSIVE;
				GCC_WARN_UNUSED_FUNCTION = YES;
				GCC_WARN_UNUSED_VARIABLE = YES;
				IPHONEOS_DEPLOYMENT_TARGET = 13.2;
				MTL_ENABLE_DEBUG_INFO = NO;
				MTL_FAST_MATH = YES;
				SDKROOT = iphoneos;
				SWIFT_COMPILATION_MODE = wholemodule;
				SWIFT_OPTIMIZATION_LEVEL = "-O";
				VALIDATE_PRODUCT = YES;
			};
			name = Release;
		};
		41AE21A023844C2D00A8B8A8 /* Debug */ = {
			isa = XCBuildConfiguration;
			buildSettings = {
				ASSETCATALOG_COMPILER_APPICON_NAME = AppIcon;
				CODE_SIGN_STYLE = Automatic;
				DEVELOPMENT_TEAM = Y2TY552GBZ;
				INFOPLIST_FILE = CoffeeShops/Info.plist;
				LD_RUNPATH_SEARCH_PATHS = (
					"$(inherited)",
					"@executable_path/Frameworks",
				);
				PRODUCT_BUNDLE_IDENTIFIER = "-201267800.CoffeeShops";
				PRODUCT_NAME = "$(TARGET_NAME)";
				SWIFT_VERSION = 5.0;
				TARGETED_DEVICE_FAMILY = "1,2";
			};
			name = Debug;
		};
		41AE21A123844C2D00A8B8A8 /* Release */ = {
			isa = XCBuildConfiguration;
			buildSettings = {
				ASSETCATALOG_COMPILER_APPICON_NAME = AppIcon;
				CODE_SIGN_STYLE = Automatic;
				DEVELOPMENT_TEAM = Y2TY552GBZ;
				INFOPLIST_FILE = CoffeeShops/Info.plist;
				LD_RUNPATH_SEARCH_PATHS = (
					"$(inherited)",
					"@executable_path/Frameworks",
				);
				PRODUCT_BUNDLE_IDENTIFIER = "-201267800.CoffeeShops";
				PRODUCT_NAME = "$(TARGET_NAME)";
				SWIFT_VERSION = 5.0;
				TARGETED_DEVICE_FAMILY = "1,2";
			};
			name = Release;
		};
/* End XCBuildConfiguration section */

/* Begin XCConfigurationList section */
		41AE218323844C2400A8B8A8 /* Build configuration list for PBXProject "CoffeeShops" */ = {
			isa = XCConfigurationList;
			buildConfigurations = (
				41AE219D23844C2D00A8B8A8 /* Debug */,
				41AE219E23844C2D00A8B8A8 /* Release */,
			);
			defaultConfigurationIsVisible = 0;
			defaultConfigurationName = Release;
		};
		41AE219F23844C2D00A8B8A8 /* Build configuration list for PBXNativeTarget "CoffeeShops" */ = {
			isa = XCConfigurationList;
			buildConfigurations = (
				41AE21A023844C2D00A8B8A8 /* Debug */,
				41AE21A123844C2D00A8B8A8 /* Release */,
			);
			defaultConfigurationIsVisible = 0;
			defaultConfigurationName = Release;
		};
/* End XCConfigurationList section */

/* Begin XCVersionGroup section */
		41AE219423844C2400A8B8A8 /* CoffeeShops.xcdatamodeld */ = {
			isa = XCVersionGroup;
			children = (
				41AE219523844C2400A8B8A8 /* CoffeeShops.xcdatamodel */,
			);
			currentVersion = 41AE219523844C2400A8B8A8 /* CoffeeShops.xcdatamodel */;
			path = CoffeeShops.xcdatamodeld;
			sourceTree = "<group>";
			versionGroupType = wrapper.xcdatamodel;
		};
/* End XCVersionGroup section */
	};
	rootObject = 41AE218023844C2400A8B8A8 /* Project object */;
}
